
Microsoft Visual Studio Solution File, Format Version 12.00
# Visual Studio 15
VisualStudioVersion = 15.0.27703.2026
MinimumVisualStudioVersion = 10.0.40219.1
Project("{FAE04EC0-301F-11D3-BF4B-00C04F79EFBC}") = "Icepay.Assignment", "Icepay.Assignment\Icepay.Assignment.csproj", "{3AE023D1-8904-483E-B93D-D6F20AE719CC}"
EndProject
Global
	GlobalSection(SolutionConfigurationPlatforms) = preSolution
		Debug|Any CPU = Debug|Any CPU
		Release|Any CPU = Release|Any CPU
	EndGlobalSection
	GlobalSection(ProjectConfigurationPlatforms) = postSolution
		{3AE023D1-8904-483E-B93D-D6F20AE719CC}.Debug|Any CPU.ActiveCfg = Debug|Any CPU
		{3AE023D1-8904-483E-B93D-D6F20AE719CC}.Debug|Any CPU.Build.0 = Debug|Any CPU
		{3AE023D1-8904-483E-B93D-D6F20AE719CC}.Release|Any CPU.ActiveCfg = Release|Any CPU
		{3AE023D1-8904-483E-B93D-D6F20AE719CC}.Release|Any CPU.Build.0 = Release|Any CPU
	EndGlobalSection
	GlobalSection(SolutionProperties) = preSolution
		HideSolutionNode = FALSE
	EndGlobalSection
	GlobalSection(ExtensibilityGlobals) = postSolution
		SolutionGuid = {8C82703B-31D1-4461-9597-756E83B5F085}
	EndGlobalSection
EndGlobal
